
Microsoft Visual Studio Solution File, Format Version 12.00
# Visual Studio Version 17
VisualStudioVersion = 17.5.002.0
MinimumVisualStudioVersion = 10.0.40219.1
Project("{9A19103F-16F7-4668-BE54-9A1E7A4F7556}") = "WhatsAppBot", "WhatsAppBot.csproj", "{3C4B05A4-41AC-4017-BC89-7BA9EE8F4FBF}"
EndProject
Global
	GlobalSection(SolutionConfigurationPlatforms) = preSolution
		Debug|Any CPU = Debug|Any CPU
		Release|Any CPU = Release|Any CPU
	EndGlobalSection
	GlobalSection(ProjectConfigurationPlatforms) = postSolution
		{3C4B05A4-41AC-4017-BC89-7BA9EE8F4FBF}.Debug|Any CPU.ActiveCfg = Debug|Any CPU
		{3C4B05A4-41AC-4017-BC89-7BA9EE8F4FBF}.Debug|Any CPU.Build.0 = Debug|Any CPU
		{3C4B05A4-41AC-4017-BC89-7BA9EE8F4FBF}.Release|Any CPU.ActiveCfg = Release|Any CPU
		{3C4B05A4-41AC-4017-BC89-7BA9EE8F4FBF}.Release|Any CPU.Build.0 = Release|Any CPU
	EndGlobalSection
	GlobalSection(SolutionProperties) = preSolution
		HideSolutionNode = FALSE
	EndGlobalSection
	GlobalSection(ExtensibilityGlobals) = postSolution
		SolutionGuid = {8B86D9AF-82A1-4CD8-A894-C2C4A2918AB2}
	EndGlobalSection
EndGlobal
