
Microsoft Visual Studio Solution File, Format Version 12.00
# Visual Studio Version 16
VisualStudioVersion = 16.0.31702.278
MinimumVisualStudioVersion = 10.0.40219.1
Project("{FAE04EC0-301F-11D3-BF4B-00C04F79EFBC}") = "WhatsAppWeb", "WhatsAppWeb\WhatsAppWeb.csproj", "{89E7777A-DD22-459A-922D-E9B642876CB5}"
EndProject
Project("{FAE04EC0-301F-11D3-BF4B-00C04F79EFBC}") = "GerarVcf", "GerarVcf\GerarVcf.csproj", "{1DE83740-F22C-4DD1-AD9F-A4193018CE74}"
EndProject
Project("{FAE04EC0-301F-11D3-BF4B-00C04F79EFBC}") = "WhatsAppWebCore", "WhatsAppWebCore\WhatsAppWebCore.csproj", "{7CFF2A5B-88FB-4FBB-AD28-CD6024838ED6}"
EndProject
Project("{FAE04EC0-301F-11D3-BF4B-00C04F79EFBC}") = "GerarVcfCore", "GerarVcfCore\GerarVcfCore.csproj", "{884A26D3-D9D8-428F-BE60-E18B0AA6B081}"
EndProject
Global
	GlobalSection(SolutionConfigurationPlatforms) = preSolution
		Debug|Any CPU = Debug|Any CPU
		Release|Any CPU = Release|Any CPU
	EndGlobalSection
	GlobalSection(ProjectConfigurationPlatforms) = postSolution
		{89E7777A-DD22-459A-922D-E9B642876CB5}.Debug|Any CPU.ActiveCfg = Debug|Any CPU
		{89E7777A-DD22-459A-922D-E9B642876CB5}.Debug|Any CPU.Build.0 = Debug|Any CPU
		{89E7777A-DD22-459A-922D-E9B642876CB5}.Release|Any CPU.ActiveCfg = Release|Any CPU
		{89E7777A-DD22-459A-922D-E9B642876CB5}.Release|Any CPU.Build.0 = Release|Any CPU
		{1DE83740-F22C-4DD1-AD9F-A4193018CE74}.Debug|Any CPU.ActiveCfg = Debug|Any CPU
		{1DE83740-F22C-4DD1-AD9F-A4193018CE74}.Debug|Any CPU.Build.0 = Debug|Any CPU
		{1DE83740-F22C-4DD1-AD9F-A4193018CE74}.Release|Any CPU.ActiveCfg = Release|Any CPU
		{1DE83740-F22C-4DD1-AD9F-A4193018CE74}.Release|Any CPU.Build.0 = Release|Any CPU
		{7CFF2A5B-88FB-4FBB-AD28-CD6024838ED6}.Debug|Any CPU.ActiveCfg = Debug|Any CPU
		{7CFF2A5B-88FB-4FBB-AD28-CD6024838ED6}.Debug|Any CPU.Build.0 = Debug|Any CPU
		{7CFF2A5B-88FB-4FBB-AD28-CD6024838ED6}.Release|Any CPU.ActiveCfg = Release|Any CPU
		{7CFF2A5B-88FB-4FBB-AD28-CD6024838ED6}.Release|Any CPU.Build.0 = Release|Any CPU
		{884A26D3-D9D8-428F-BE60-E18B0AA6B081}.Debug|Any CPU.ActiveCfg = Debug|Any CPU
		{884A26D3-D9D8-428F-BE60-E18B0AA6B081}.Debug|Any CPU.Build.0 = Debug|Any CPU
		{884A26D3-D9D8-428F-BE60-E18B0AA6B081}.Release|Any CPU.ActiveCfg = Release|Any CPU
		{884A26D3-D9D8-428F-BE60-E18B0AA6B081}.Release|Any CPU.Build.0 = Release|Any CPU
	EndGlobalSection
	GlobalSection(SolutionProperties) = preSolution
		HideSolutionNode = FALSE
	EndGlobalSection
	GlobalSection(ExtensibilityGlobals) = postSolution
		SolutionGuid = {4F1B743C-169B-463A-93D5-A0B2AEEFEAE2}
	EndGlobalSection
EndGlobal
